
Microsoft Visual Studio Solution File, Format Version 12.00
# Visual Studio Version 17
VisualStudioVersion = 17.9.34607.119
MinimumVisualStudioVersion = 10.0.40219.1
Project("{FAE04EC0-301F-11D3-BF4B-00C04F79EFBC}") = "InovasysTask", "InovasysTask\InovasysTask.csproj", "{000BF642-71DA-4D67-BCFF-5BB6460F95BD}"
EndProject
Project("{FAE04EC0-301F-11D3-BF4B-00C04F79EFBC}") = "InovasysTask.Data", "InovasysTask.Data\InovasysTask.Data.csproj", "{CF78C9E4-2294-41FE-85ED-FB1EE1E4713F}"
EndProject
Project("{FAE04EC0-301F-11D3-BF4B-00C04F79EFBC}") = "InovasysTask.Commons", "InovasysTask.Commons\InovasysTask.Commons.csproj", "{AEF39F28-B1BD-4C7C-AAE4-8768226A72E7}"
EndProject
Global
	GlobalSection(SolutionConfigurationPlatforms) = preSolution
		Debug|Any CPU = Debug|Any CPU
		Release|Any CPU = Release|Any CPU
	EndGlobalSection
	GlobalSection(ProjectConfigurationPlatforms) = postSolution
		{000BF642-71DA-4D67-BCFF-5BB6460F95BD}.Debug|Any CPU.ActiveCfg = Debug|Any CPU
		{000BF642-71DA-4D67-BCFF-5BB6460F95BD}.Debug|Any CPU.Build.0 = Debug|Any CPU
		{000BF642-71DA-4D67-BCFF-5BB6460F95BD}.Release|Any CPU.ActiveCfg = Release|Any CPU
		{000BF642-71DA-4D67-BCFF-5BB6460F95BD}.Release|Any CPU.Build.0 = Release|Any CPU
		{CF78C9E4-2294-41FE-85ED-FB1EE1E4713F}.Debug|Any CPU.ActiveCfg = Debug|Any CPU
		{CF78C9E4-2294-41FE-85ED-FB1EE1E4713F}.Debug|Any CPU.Build.0 = Debug|Any CPU
		{CF78C9E4-2294-41FE-85ED-FB1EE1E4713F}.Release|Any CPU.ActiveCfg = Release|Any CPU
		{CF78C9E4-2294-41FE-85ED-FB1EE1E4713F}.Release|Any CPU.Build.0 = Release|Any CPU
		{AEF39F28-B1BD-4C7C-AAE4-8768226A72E7}.Debug|Any CPU.ActiveCfg = Debug|Any CPU
		{AEF39F28-B1BD-4C7C-AAE4-8768226A72E7}.Debug|Any CPU.Build.0 = Debug|Any CPU
		{AEF39F28-B1BD-4C7C-AAE4-8768226A72E7}.Release|Any CPU.ActiveCfg = Release|Any CPU
		{AEF39F28-B1BD-4C7C-AAE4-8768226A72E7}.Release|Any CPU.Build.0 = Release|Any CPU
	EndGlobalSection
	GlobalSection(SolutionProperties) = preSolution
		HideSolutionNode = FALSE
	EndGlobalSection
	GlobalSection(ExtensibilityGlobals) = postSolution
		SolutionGuid = {FF6B7564-41C3-4A2E-B3F1-EFEF1BF8789A}
	EndGlobalSection
EndGlobal
